// !$*UTF8*$!
{
	archiveVersion = 1;
	classes = {
	};
	objectVersion = 50;
	objects = {

/* Begin PBXBuildFile section */
		00F1AE231001D4E29AB46CFE /* Pods_WeatherAppTests.framework in Frameworks */ = {isa = PBXBuildFile; fileRef = 5D1FEC763C56ACD20C1CD517 /* Pods_WeatherAppTests.framework */; };
		1115CD6E93070E649125D24F /* Pods_WeatherApp.framework in Frameworks */ = {isa = PBXBuildFile; fileRef = CB3EFAED95BEF9798712E5E2 /* Pods_WeatherApp.framework */; };
		4C1DAF18783E950162F967BC /* Pods_WeatherApp_WeatherAppUITests.framework in Frameworks */ = {isa = PBXBuildFile; fileRef = FC38472373D53C1A66C0994D /* Pods_WeatherApp_WeatherAppUITests.framework */; };
		F01C871624EE0B72004174A2 /* AppDelegate.swift in Sources */ = {isa = PBXBuildFile; fileRef = F01C871524EE0B72004174A2 /* AppDelegate.swift */; };
		F01C871824EE0B72004174A2 /* SceneDelegate.swift in Sources */ = {isa = PBXBuildFile; fileRef = F01C871724EE0B72004174A2 /* SceneDelegate.swift */; };
		F01C871A24EE0B72004174A2 /* WeatherViewController.swift in Sources */ = {isa = PBXBuildFile; fileRef = F01C871924EE0B72004174A2 /* WeatherViewController.swift */; };
		F01C871D24EE0B72004174A2 /* Weather.storyboard in Resources */ = {isa = PBXBuildFile; fileRef = F01C871B24EE0B72004174A2 /* Weather.storyboard */; };
		F01C871F24EE0B74004174A2 /* Assets.xcassets in Resources */ = {isa = PBXBuildFile; fileRef = F01C871E24EE0B74004174A2 /* Assets.xcassets */; };
		F01C872224EE0B74004174A2 /* LaunchScreen.storyboard in Resources */ = {isa = PBXBuildFile; fileRef = F01C872024EE0B74004174A2 /* LaunchScreen.storyboard */; };
		F01C873824EE0B74004174A2 /* WeatherAppUITests.swift in Sources */ = {isa = PBXBuildFile; fileRef = F01C873724EE0B74004174A2 /* WeatherAppUITests.swift */; };
		F01C875724EE8423004174A2 /* CityButtonView.swift in Sources */ = {isa = PBXBuildFile; fileRef = F01C875624EE8423004174A2 /* CityButtonView.swift */; };
		F01C875924EE86AF004174A2 /* WeatherModel.swift in Sources */ = {isa = PBXBuildFile; fileRef = F01C875824EE86AF004174A2 /* WeatherModel.swift */; };
		F01C875C24EE86CD004174A2 /* WeatherModelTests.swift in Sources */ = {isa = PBXBuildFile; fileRef = F01C875B24EE86CD004174A2 /* WeatherModelTests.swift */; };
/* End PBXBuildFile section */

/* Begin PBXContainerItemProxy section */
		F01C872924EE0B74004174A2 /* PBXContainerItemProxy */ = {
			isa = PBXContainerItemProxy;
			containerPortal = F01C870A24EE0B72004174A2 /* Project object */;
			proxyType = 1;
			remoteGlobalIDString = F01C871124EE0B72004174A2;
			remoteInfo = WeatherApp;
		};
		F01C873424EE0B74004174A2 /* PBXContainerItemProxy */ = {
			isa = PBXContainerItemProxy;
			containerPortal = F01C870A24EE0B72004174A2 /* Project object */;
			proxyType = 1;
			remoteGlobalIDString = F01C871124EE0B72004174A2;
			remoteInfo = WeatherApp;
		};
/* End PBXContainerItemProxy section */

/* Begin PBXFileReference section */
		145B6A60A764A3F39F6509A9 /* Pods-WeatherAppTests.debug.xcconfig */ = {isa = PBXFileReference; includeInIndex = 1; lastKnownFileType = text.xcconfig; name = "Pods-WeatherAppTests.debug.xcconfig"; path = "Target Support Files/Pods-WeatherAppTests/Pods-WeatherAppTests.debug.xcconfig"; sourceTree = "<group>"; };
		28434B7A20A688D7945D0084 /* Pods-WeatherApp-WeatherAppUITests.debug.xcconfig */ = {isa = PBXFileReference; includeInIndex = 1; lastKnownFileType = text.xcconfig; name = "Pods-WeatherApp-WeatherAppUITests.debug.xcconfig"; path = "Target Support Files/Pods-WeatherApp-WeatherAppUITests/Pods-WeatherApp-WeatherAppUITests.debug.xcconfig"; sourceTree = "<group>"; };
		5D1FEC763C56ACD20C1CD517 /* Pods_WeatherAppTests.framework */ = {isa = PBXFileReference; explicitFileType = wrapper.framework; includeInIndex = 0; path = Pods_WeatherAppTests.framework; sourceTree = BUILT_PRODUCTS_DIR; };
		70C5E4BF385C37E38DF358F8 /* Pods-WeatherApp.debug.xcconfig */ = {isa = PBXFileReference; includeInIndex = 1; lastKnownFileType = text.xcconfig; name = "Pods-WeatherApp.debug.xcconfig"; path = "Target Support Files/Pods-WeatherApp/Pods-WeatherApp.debug.xcconfig"; sourceTree = "<group>"; };
		72FCB828D419F65AB3E8ED9E /* Pods-WeatherAppTests.release.xcconfig */ = {isa = PBXFileReference; includeInIndex = 1; lastKnownFileType = text.xcconfig; name = "Pods-WeatherAppTests.release.xcconfig"; path = "Target Support Files/Pods-WeatherAppTests/Pods-WeatherAppTests.release.xcconfig"; sourceTree = "<group>"; };
		79023CBDADC4BBB41759FF61 /* Pods-WeatherApp-WeatherAppUITests.release.xcconfig */ = {isa = PBXFileReference; includeInIndex = 1; lastKnownFileType = text.xcconfig; name = "Pods-WeatherApp-WeatherAppUITests.release.xcconfig"; path = "Target Support Files/Pods-WeatherApp-WeatherAppUITests/Pods-WeatherApp-WeatherAppUITests.release.xcconfig"; sourceTree = "<group>"; };
		CB3EFAED95BEF9798712E5E2 /* Pods_WeatherApp.framework */ = {isa = PBXFileReference; explicitFileType = wrapper.framework; includeInIndex = 0; path = Pods_WeatherApp.framework; sourceTree = BUILT_PRODUCTS_DIR; };
		E8D793F6E7707D97C5B3D1A0 /* Pods-WeatherApp.release.xcconfig */ = {isa = PBXFileReference; includeInIndex = 1; lastKnownFileType = text.xcconfig; name = "Pods-WeatherApp.release.xcconfig"; path = "Target Support Files/Pods-WeatherApp/Pods-WeatherApp.release.xcconfig"; sourceTree = "<group>"; };
		F01C871224EE0B72004174A2 /* WeatherApp.app */ = {isa = PBXFileReference; explicitFileType = wrapper.application; includeInIndex = 0; path = WeatherApp.app; sourceTree = BUILT_PRODUCTS_DIR; };
		F01C871524EE0B72004174A2 /* AppDelegate.swift */ = {isa = PBXFileReference; lastKnownFileType = sourcecode.swift; path = AppDelegate.swift; sourceTree = "<group>"; };
		F01C871724EE0B72004174A2 /* SceneDelegate.swift */ = {isa = PBXFileReference; lastKnownFileType = sourcecode.swift; path = SceneDelegate.swift; sourceTree = "<group>"; };
		F01C871924EE0B72004174A2 /* WeatherViewController.swift */ = {isa = PBXFileReference; lastKnownFileType = sourcecode.swift; path = WeatherViewController.swift; sourceTree = "<group>"; };
		F01C871C24EE0B72004174A2 /* Base */ = {isa = PBXFileReference; lastKnownFileType = file.storyboard; name = Base; path = Base.lproj/Weather.storyboard; sourceTree = "<group>"; };
		F01C871E24EE0B74004174A2 /* Assets.xcassets */ = {isa = PBXFileReference; lastKnownFileType = folder.assetcatalog; path = Assets.xcassets; sourceTree = "<group>"; };
		F01C872124EE0B74004174A2 /* Base */ = {isa = PBXFileReference; lastKnownFileType = file.storyboard; name = Base; path = Base.lproj/LaunchScreen.storyboard; sourceTree = "<group>"; };
		F01C872324EE0B74004174A2 /* Info.plist */ = {isa = PBXFileReference; lastKnownFileType = text.plist.xml; path = Info.plist; sourceTree = "<group>"; };
		F01C872824EE0B74004174A2 /* WeatherAppTests.xctest */ = {isa = PBXFileReference; explicitFileType = wrapper.cfbundle; includeInIndex = 0; path = WeatherAppTests.xctest; sourceTree = BUILT_PRODUCTS_DIR; };
		F01C872E24EE0B74004174A2 /* Info.plist */ = {isa = PBXFileReference; lastKnownFileType = text.plist.xml; path = Info.plist; sourceTree = "<group>"; };
		F01C873324EE0B74004174A2 /* WeatherAppUITests.xctest */ = {isa = PBXFileReference; explicitFileType = wrapper.cfbundle; includeInIndex = 0; path = WeatherAppUITests.xctest; sourceTree = BUILT_PRODUCTS_DIR; };
		F01C873724EE0B74004174A2 /* WeatherAppUITests.swift */ = {isa = PBXFileReference; lastKnownFileType = sourcecode.swift; path = WeatherAppUITests.swift; sourceTree = "<group>"; };
		F01C873924EE0B74004174A2 /* Info.plist */ = {isa = PBXFileReference; lastKnownFileType = text.plist.xml; path = Info.plist; sourceTree = "<group>"; };
		F01C875624EE8423004174A2 /* CityButtonView.swift */ = {isa = PBXFileReference; lastKnownFileType = sourcecode.swift; path = CityButtonView.swift; sourceTree = "<group>"; };
		F01C875824EE86AF004174A2 /* WeatherModel.swift */ = {isa = PBXFileReference; lastKnownFileType = sourcecode.swift; path = WeatherModel.swift; sourceTree = "<group>"; };
		F01C875B24EE86CD004174A2 /* WeatherModelTests.swift */ = {isa = PBXFileReference; lastKnownFileType = sourcecode.swift; path = WeatherModelTests.swift; sourceTree = "<group>"; };
		FC38472373D53C1A66C0994D /* Pods_WeatherApp_WeatherAppUITests.framework */ = {isa = PBXFileReference; explicitFileType = wrapper.framework; includeInIndex = 0; path = Pods_WeatherApp_WeatherAppUITests.framework; sourceTree = BUILT_PRODUCTS_DIR; };
/* End PBXFileReference section */

/* Begin PBXFrameworksBuildPhase section */
		F01C870F24EE0B72004174A2 /* Frameworks */ = {
			isa = PBXFrameworksBuildPhase;
			buildActionMask = 2147483647;
			files = (
				1115CD6E93070E649125D24F /* Pods_WeatherApp.framework in Frameworks */,
			);
			runOnlyForDeploymentPostprocessing = 0;
		};
		F01C872524EE0B74004174A2 /* Frameworks */ = {
			isa = PBXFrameworksBuildPhase;
			buildActionMask = 2147483647;
			files = (
				00F1AE231001D4E29AB46CFE /* Pods_WeatherAppTests.framework in Frameworks */,
			);
			runOnlyForDeploymentPostprocessing = 0;
		};
		F01C873024EE0B74004174A2 /* Frameworks */ = {
			isa = PBXFrameworksBuildPhase;
			buildActionMask = 2147483647;
			files = (
				4C1DAF18783E950162F967BC /* Pods_WeatherApp_WeatherAppUITests.framework in Frameworks */,
			);
			runOnlyForDeploymentPostprocessing = 0;
		};
/* End PBXFrameworksBuildPhase section */

/* Begin PBXGroup section */
		C7E5AB77E77A46F592A8A02D /* Pods */ = {
			isa = PBXGroup;
			children = (
				70C5E4BF385C37E38DF358F8 /* Pods-WeatherApp.debug.xcconfig */,
				E8D793F6E7707D97C5B3D1A0 /* Pods-WeatherApp.release.xcconfig */,
				28434B7A20A688D7945D0084 /* Pods-WeatherApp-WeatherAppUITests.debug.xcconfig */,
				79023CBDADC4BBB41759FF61 /* Pods-WeatherApp-WeatherAppUITests.release.xcconfig */,
				145B6A60A764A3F39F6509A9 /* Pods-WeatherAppTests.debug.xcconfig */,
				72FCB828D419F65AB3E8ED9E /* Pods-WeatherAppTests.release.xcconfig */,
			);
			path = Pods;
			sourceTree = "<group>";
		};
		F01C870924EE0B72004174A2 = {
			isa = PBXGroup;
			children = (
				F01C871424EE0B72004174A2 /* WeatherApp */,
				F01C872B24EE0B74004174A2 /* WeatherAppTests */,
				F01C873624EE0B74004174A2 /* WeatherAppUITests */,
				F01C871324EE0B72004174A2 /* Products */,
				C7E5AB77E77A46F592A8A02D /* Pods */,
				FCDE39373DE390E7DE4D851C /* Frameworks */,
			);
			sourceTree = "<group>";
		};
		F01C871324EE0B72004174A2 /* Products */ = {
			isa = PBXGroup;
			children = (
				F01C871224EE0B72004174A2 /* WeatherApp.app */,
				F01C872824EE0B74004174A2 /* WeatherAppTests.xctest */,
				F01C873324EE0B74004174A2 /* WeatherAppUITests.xctest */,
			);
			name = Products;
			sourceTree = "<group>";
		};
		F01C871424EE0B72004174A2 /* WeatherApp */ = {
			isa = PBXGroup;
			children = (
				F01C875424EE7839004174A2 /* Enums */,
				F01C875324EE7834004174A2 /* Managers */,
				F01C875224EE782F004174A2 /* Models */,
				F01C875124EE782C004174A2 /* Networking */,
				F01C875524EE783E004174A2 /* Protocols */,
				F01C875024EE7827004174A2 /* Resources */,
				F01C874F24EE7822004174A2 /* Startup */,
				F01C874E24EE781B004174A2 /* Storyboard */,
				F01C874D24EE7810004174A2 /* Supporting Files */,
				F01C874C24EE780C004174A2 /* ViewModels */,
				F01C874B24EE77FD004174A2 /* ViewControllers */,
				F01C874A24EE77F8004174A2 /* Views */,
			);
			path = WeatherApp;
			sourceTree = "<group>";
		};
		F01C872B24EE0B74004174A2 /* WeatherAppTests */ = {
			isa = PBXGroup;
			children = (
				F01C875A24EE86BB004174A2 /* Models */,
				F01C872E24EE0B74004174A2 /* Info.plist */,
			);
			path = WeatherAppTests;
			sourceTree = "<group>";
		};
		F01C873624EE0B74004174A2 /* WeatherAppUITests */ = {
			isa = PBXGroup;
			children = (
				F01C873724EE0B74004174A2 /* WeatherAppUITests.swift */,
				F01C873924EE0B74004174A2 /* Info.plist */,
			);
			path = WeatherAppUITests;
			sourceTree = "<group>";
		};
		F01C874A24EE77F8004174A2 /* Views */ = {
			isa = PBXGroup;
			children = (
				F01C875624EE8423004174A2 /* CityButtonView.swift */,
			);
			path = Views;
			sourceTree = "<group>";
		};
		F01C874B24EE77FD004174A2 /* ViewControllers */ = {
			isa = PBXGroup;
			children = (
				F01C871924EE0B72004174A2 /* WeatherViewController.swift */,
			);
			path = ViewControllers;
			sourceTree = "<group>";
		};
		F01C874C24EE780C004174A2 /* ViewModels */ = {
			isa = PBXGroup;
			children = (
			);
			path = ViewModels;
			sourceTree = "<group>";
		};
		F01C874D24EE7810004174A2 /* Supporting Files */ = {
			isa = PBXGroup;
			children = (
				F01C872324EE0B74004174A2 /* Info.plist */,
			);
			path = "Supporting Files";
			sourceTree = "<group>";
		};
		F01C874E24EE781B004174A2 /* Storyboard */ = {
			isa = PBXGroup;
			children = (
				F01C871B24EE0B72004174A2 /* Weather.storyboard */,
			);
			path = Storyboard;
			sourceTree = "<group>";
		};
		F01C874F24EE7822004174A2 /* Startup */ = {
			isa = PBXGroup;
			children = (
				F01C871524EE0B72004174A2 /* AppDelegate.swift */,
				F01C871724EE0B72004174A2 /* SceneDelegate.swift */,
				F01C872024EE0B74004174A2 /* LaunchScreen.storyboard */,
			);
			path = Startup;
			sourceTree = "<group>";
		};
		F01C875024EE7827004174A2 /* Resources */ = {
			isa = PBXGroup;
			children = (
				F01C871E24EE0B74004174A2 /* Assets.xcassets */,
			);
			path = Resources;
			sourceTree = "<group>";
		};
		F01C875124EE782C004174A2 /* Networking */ = {
			isa = PBXGroup;
			children = (
			);
			path = Networking;
			sourceTree = "<group>";
		};
		F01C875224EE782F004174A2 /* Models */ = {
			isa = PBXGroup;
			children = (
				F01C875824EE86AF004174A2 /* WeatherModel.swift */,
			);
			path = Models;
			sourceTree = "<group>";
		};
		F01C875324EE7834004174A2 /* Managers */ = {
			isa = PBXGroup;
			children = (
			);
			path = Managers;
			sourceTree = "<group>";
		};
		F01C875424EE7839004174A2 /* Enums */ = {
			isa = PBXGroup;
			children = (
			);
			path = Enums;
			sourceTree = "<group>";
		};
		F01C875524EE783E004174A2 /* Protocols */ = {
			isa = PBXGroup;
			children = (
			);
			path = Protocols;
			sourceTree = "<group>";
		};
		F01C875A24EE86BB004174A2 /* Models */ = {
			isa = PBXGroup;
			children = (
				F01C875B24EE86CD004174A2 /* WeatherModelTests.swift */,
			);
			path = Models;
			sourceTree = "<group>";
		};
		FCDE39373DE390E7DE4D851C /* Frameworks */ = {
			isa = PBXGroup;
			children = (
				CB3EFAED95BEF9798712E5E2 /* Pods_WeatherApp.framework */,
				FC38472373D53C1A66C0994D /* Pods_WeatherApp_WeatherAppUITests.framework */,
				5D1FEC763C56ACD20C1CD517 /* Pods_WeatherAppTests.framework */,
			);
			name = Frameworks;
			sourceTree = "<group>";
		};
/* End PBXGroup section */

/* Begin PBXNativeTarget section */
		F01C871124EE0B72004174A2 /* WeatherApp */ = {
			isa = PBXNativeTarget;
			buildConfigurationList = F01C873C24EE0B74004174A2 /* Build configuration list for PBXNativeTarget "WeatherApp" */;
			buildPhases = (
				8837118EF406C54B2BDB2D10 /* [CP] Check Pods Manifest.lock */,
				F01C870E24EE0B72004174A2 /* Sources */,
				F01C870F24EE0B72004174A2 /* Frameworks */,
				F01C871024EE0B72004174A2 /* Resources */,
				F01C874924EE7667004174A2 /* SwiftLint */,
			);
			buildRules = (
			);
			dependencies = (
			);
			name = WeatherApp;
			productName = WeatherApp;
			productReference = F01C871224EE0B72004174A2 /* WeatherApp.app */;
			productType = "com.apple.product-type.application";
		};
		F01C872724EE0B74004174A2 /* WeatherAppTests */ = {
			isa = PBXNativeTarget;
			buildConfigurationList = F01C873F24EE0B74004174A2 /* Build configuration list for PBXNativeTarget "WeatherAppTests" */;
			buildPhases = (
				DA06C233D306F99E5B202C18 /* [CP] Check Pods Manifest.lock */,
				F01C872424EE0B74004174A2 /* Sources */,
				F01C872524EE0B74004174A2 /* Frameworks */,
				F01C872624EE0B74004174A2 /* Resources */,
			);
			buildRules = (
			);
			dependencies = (
				F01C872A24EE0B74004174A2 /* PBXTargetDependency */,
			);
			name = WeatherAppTests;
			productName = WeatherAppTests;
			productReference = F01C872824EE0B74004174A2 /* WeatherAppTests.xctest */;
			productType = "com.apple.product-type.bundle.unit-test";
		};
		F01C873224EE0B74004174A2 /* WeatherAppUITests */ = {
			isa = PBXNativeTarget;
			buildConfigurationList = F01C874224EE0B74004174A2 /* Build configuration list for PBXNativeTarget "WeatherAppUITests" */;
			buildPhases = (
				35FE338E1AEE6D78725800A0 /* [CP] Check Pods Manifest.lock */,
				F01C872F24EE0B74004174A2 /* Sources */,
				F01C873024EE0B74004174A2 /* Frameworks */,
				F01C873124EE0B74004174A2 /* Resources */,
			);
			buildRules = (
			);
			dependencies = (
				F01C873524EE0B74004174A2 /* PBXTargetDependency */,
			);
			name = WeatherAppUITests;
			productName = WeatherAppUITests;
			productReference = F01C873324EE0B74004174A2 /* WeatherAppUITests.xctest */;
			productType = "com.apple.product-type.bundle.ui-testing";
		};
/* End PBXNativeTarget section */

/* Begin PBXProject section */
		F01C870A24EE0B72004174A2 /* Project object */ = {
			isa = PBXProject;
			attributes = {
				LastSwiftUpdateCheck = 1160;
				LastUpgradeCheck = 1160;
				ORGANIZATIONNAME = Makkina;
				TargetAttributes = {
					F01C871124EE0B72004174A2 = {
						CreatedOnToolsVersion = 11.6;
					};
					F01C872724EE0B74004174A2 = {
						CreatedOnToolsVersion = 11.6;
						LastSwiftMigration = 1160;
						TestTargetID = F01C871124EE0B72004174A2;
					};
					F01C873224EE0B74004174A2 = {
						CreatedOnToolsVersion = 11.6;
						TestTargetID = F01C871124EE0B72004174A2;
					};
				};
			};
			buildConfigurationList = F01C870D24EE0B72004174A2 /* Build configuration list for PBXProject "WeatherApp" */;
			compatibilityVersion = "Xcode 9.3";
			developmentRegion = en;
			hasScannedForEncodings = 0;
			knownRegions = (
				en,
				Base,
			);
			mainGroup = F01C870924EE0B72004174A2;
			productRefGroup = F01C871324EE0B72004174A2 /* Products */;
			projectDirPath = "";
			projectRoot = "";
			targets = (
				F01C871124EE0B72004174A2 /* WeatherApp */,
				F01C872724EE0B74004174A2 /* WeatherAppTests */,
				F01C873224EE0B74004174A2 /* WeatherAppUITests */,
			);
		};
/* End PBXProject section */

/* Begin PBXResourcesBuildPhase section */
		F01C871024EE0B72004174A2 /* Resources */ = {
			isa = PBXResourcesBuildPhase;
			buildActionMask = 2147483647;
			files = (
				F01C872224EE0B74004174A2 /* LaunchScreen.storyboard in Resources */,
				F01C871F24EE0B74004174A2 /* Assets.xcassets in Resources */,
				F01C871D24EE0B72004174A2 /* Weather.storyboard in Resources */,
			);
			runOnlyForDeploymentPostprocessing = 0;
		};
		F01C872624EE0B74004174A2 /* Resources */ = {
			isa = PBXResourcesBuildPhase;
			buildActionMask = 2147483647;
			files = (
			);
			runOnlyForDeploymentPostprocessing = 0;
		};
		F01C873124EE0B74004174A2 /* Resources */ = {
			isa = PBXResourcesBuildPhase;
			buildActionMask = 2147483647;
			files = (
			);
			runOnlyForDeploymentPostprocessing = 0;
		};
/* End PBXResourcesBuildPhase section */

/* Begin PBXShellScriptBuildPhase section */
		35FE338E1AEE6D78725800A0 /* [CP] Check Pods Manifest.lock */ = {
			isa = PBXShellScriptBuildPhase;
			buildActionMask = 2147483647;
			files = (
			);
			inputFileListPaths = (
			);
			inputPaths = (
				"${PODS_PODFILE_DIR_PATH}/Podfile.lock",
				"${PODS_ROOT}/Manifest.lock",
			);
			name = "[CP] Check Pods Manifest.lock";
			outputFileListPaths = (
			);
			outputPaths = (
				"$(DERIVED_FILE_DIR)/Pods-WeatherApp-WeatherAppUITests-checkManifestLockResult.txt",
			);
			runOnlyForDeploymentPostprocessing = 0;
			shellPath = /bin/sh;
			shellScript = "diff \"${PODS_PODFILE_DIR_PATH}/Podfile.lock\" \"${PODS_ROOT}/Manifest.lock\" > /dev/null\nif [ $? != 0 ] ; then\n    # print error to STDERR\n    echo \"error: The sandbox is not in sync with the Podfile.lock. Run 'pod install' or update your CocoaPods installation.\" >&2\n    exit 1\nfi\n# This output is used by Xcode 'outputs' to avoid re-running this script phase.\necho \"SUCCESS\" > \"${SCRIPT_OUTPUT_FILE_0}\"\n";
			showEnvVarsInLog = 0;
		};
		8837118EF406C54B2BDB2D10 /* [CP] Check Pods Manifest.lock */ = {
			isa = PBXShellScriptBuildPhase;
			buildActionMask = 2147483647;
			files = (
			);
			inputFileListPaths = (
			);
			inputPaths = (
				"${PODS_PODFILE_DIR_PATH}/Podfile.lock",
				"${PODS_ROOT}/Manifest.lock",
			);
			name = "[CP] Check Pods Manifest.lock";
			outputFileListPaths = (
			);
			outputPaths = (
				"$(DERIVED_FILE_DIR)/Pods-WeatherApp-checkManifestLockResult.txt",
			);
			runOnlyForDeploymentPostprocessing = 0;
			shellPath = /bin/sh;
			shellScript = "diff \"${PODS_PODFILE_DIR_PATH}/Podfile.lock\" \"${PODS_ROOT}/Manifest.lock\" > /dev/null\nif [ $? != 0 ] ; then\n    # print error to STDERR\n    echo \"error: The sandbox is not in sync with the Podfile.lock. Run 'pod install' or update your CocoaPods installation.\" >&2\n    exit 1\nfi\n# This output is used by Xcode 'outputs' to avoid re-running this script phase.\necho \"SUCCESS\" > \"${SCRIPT_OUTPUT_FILE_0}\"\n";
			showEnvVarsInLog = 0;
		};
		DA06C233D306F99E5B202C18 /* [CP] Check Pods Manifest.lock */ = {
			isa = PBXShellScriptBuildPhase;
			buildActionMask = 2147483647;
			files = (
			);
			inputFileListPaths = (
			);
			inputPaths = (
				"${PODS_PODFILE_DIR_PATH}/Podfile.lock",
				"${PODS_ROOT}/Manifest.lock",
			);
			name = "[CP] Check Pods Manifest.lock";
			outputFileListPaths = (
			);
			outputPaths = (
				"$(DERIVED_FILE_DIR)/Pods-WeatherAppTests-checkManifestLockResult.txt",
			);
			runOnlyForDeploymentPostprocessing = 0;
			shellPath = /bin/sh;
			shellScript = "diff \"${PODS_PODFILE_DIR_PATH}/Podfile.lock\" \"${PODS_ROOT}/Manifest.lock\" > /dev/null\nif [ $? != 0 ] ; then\n    # print error to STDERR\n    echo \"error: The sandbox is not in sync with the Podfile.lock. Run 'pod install' or update your CocoaPods installation.\" >&2\n    exit 1\nfi\n# This output is used by Xcode 'outputs' to avoid re-running this script phase.\necho \"SUCCESS\" > \"${SCRIPT_OUTPUT_FILE_0}\"\n";
			showEnvVarsInLog = 0;
		};
		F01C874924EE7667004174A2 /* SwiftLint */ = {
			isa = PBXShellScriptBuildPhase;
			buildActionMask = 2147483647;
			files = (
			);
			inputFileListPaths = (
			);
			inputPaths = (
			);
			name = SwiftLint;
			outputFileListPaths = (
			);
			outputPaths = (
			);
			runOnlyForDeploymentPostprocessing = 0;
			shellPath = /bin/sh;
			shellScript = "# Type a script or drag a script file from your workspace to insert its path.\n\"${PODS_ROOT}/SwiftLint/swiftlint\"\n";
		};
/* End PBXShellScriptBuildPhase section */

/* Begin PBXSourcesBuildPhase section */
		F01C870E24EE0B72004174A2 /* Sources */ = {
			isa = PBXSourcesBuildPhase;
			buildActionMask = 2147483647;
			files = (
				F01C871A24EE0B72004174A2 /* WeatherViewController.swift in Sources */,
				F01C871624EE0B72004174A2 /* AppDelegate.swift in Sources */,
				F01C871824EE0B72004174A2 /* SceneDelegate.swift in Sources */,
				F01C875724EE8423004174A2 /* CityButtonView.swift in Sources */,
				F01C875924EE86AF004174A2 /* WeatherModel.swift in Sources */,
			);
			runOnlyForDeploymentPostprocessing = 0;
		};
		F01C872424EE0B74004174A2 /* Sources */ = {
			isa = PBXSourcesBuildPhase;
			buildActionMask = 2147483647;
			files = (
				F01C875C24EE86CD004174A2 /* WeatherModelTests.swift in Sources */,
			);
			runOnlyForDeploymentPostprocessing = 0;
		};
		F01C872F24EE0B74004174A2 /* Sources */ = {
			isa = PBXSourcesBuildPhase;
			buildActionMask = 2147483647;
			files = (
				F01C873824EE0B74004174A2 /* WeatherAppUITests.swift in Sources */,
			);
			runOnlyForDeploymentPostprocessing = 0;
		};
/* End PBXSourcesBuildPhase section */

/* Begin PBXTargetDependency section */
		F01C872A24EE0B74004174A2 /* PBXTargetDependency */ = {
			isa = PBXTargetDependency;
			target = F01C871124EE0B72004174A2 /* WeatherApp */;
			targetProxy = F01C872924EE0B74004174A2 /* PBXContainerItemProxy */;
		};
		F01C873524EE0B74004174A2 /* PBXTargetDependency */ = {
			isa = PBXTargetDependency;
			target = F01C871124EE0B72004174A2 /* WeatherApp */;
			targetProxy = F01C873424EE0B74004174A2 /* PBXContainerItemProxy */;
		};
/* End PBXTargetDependency section */

/* Begin PBXVariantGroup section */
		F01C871B24EE0B72004174A2 /* Weather.storyboard */ = {
			isa = PBXVariantGroup;
			children = (
				F01C871C24EE0B72004174A2 /* Base */,
			);
			name = Weather.storyboard;
			sourceTree = "<group>";
		};
		F01C872024EE0B74004174A2 /* LaunchScreen.storyboard */ = {
			isa = PBXVariantGroup;
			children = (
				F01C872124EE0B74004174A2 /* Base */,
			);
			name = LaunchScreen.storyboard;
			sourceTree = "<group>";
		};
/* End PBXVariantGroup section */

/* Begin XCBuildConfiguration section */
		F01C873A24EE0B74004174A2 /* Debug */ = {
			isa = XCBuildConfiguration;
			buildSettings = {
				ALWAYS_SEARCH_USER_PATHS = NO;
				CLANG_ANALYZER_NONNULL = YES;
				CLANG_ANALYZER_NUMBER_OBJECT_CONVERSION = YES_AGGRESSIVE;
				CLANG_CXX_LANGUAGE_STANDARD = "gnu++14";
				CLANG_CXX_LIBRARY = "libc++";
				CLANG_ENABLE_MODULES = YES;
				CLANG_ENABLE_OBJC_ARC = YES;
				CLANG_ENABLE_OBJC_WEAK = YES;
				CLANG_WARN_BLOCK_CAPTURE_AUTORELEASING = YES;
				CLANG_WARN_BOOL_CONVERSION = YES;
				CLANG_WARN_COMMA = YES;
				CLANG_WARN_CONSTANT_CONVERSION = YES;
				CLANG_WARN_DEPRECATED_OBJC_IMPLEMENTATIONS = YES;
				CLANG_WARN_DIRECT_OBJC_ISA_USAGE = YES_ERROR;
				CLANG_WARN_DOCUMENTATION_COMMENTS = YES;
				CLANG_WARN_EMPTY_BODY = YES;
				CLANG_WARN_ENUM_CONVERSION = YES;
				CLANG_WARN_INFINITE_RECURSION = YES;
				CLANG_WARN_INT_CONVERSION = YES;
				CLANG_WARN_NON_LITERAL_NULL_CONVERSION = YES;
				CLANG_WARN_OBJC_IMPLICIT_RETAIN_SELF = YES;
				CLANG_WARN_OBJC_LITERAL_CONVERSION = YES;
				CLANG_WARN_OBJC_ROOT_CLASS = YES_ERROR;
				CLANG_WARN_RANGE_LOOP_ANALYSIS = YES;
				CLANG_WARN_STRICT_PROTOTYPES = YES;
				CLANG_WARN_SUSPICIOUS_MOVE = YES;
				CLANG_WARN_UNGUARDED_AVAILABILITY = YES_AGGRESSIVE;
				CLANG_WARN_UNREACHABLE_CODE = YES;
				CLANG_WARN__DUPLICATE_METHOD_MATCH = YES;
				COPY_PHASE_STRIP = NO;
				DEBUG_INFORMATION_FORMAT = dwarf;
				ENABLE_STRICT_OBJC_MSGSEND = YES;
				ENABLE_TESTABILITY = YES;
				GCC_C_LANGUAGE_STANDARD = gnu11;
				GCC_DYNAMIC_NO_PIC = NO;
				GCC_NO_COMMON_BLOCKS = YES;
				GCC_OPTIMIZATION_LEVEL = 0;
				GCC_PREPROCESSOR_DEFINITIONS = (
					"DEBUG=1",
					"$(inherited)",
				);
				GCC_WARN_64_TO_32_BIT_CONVERSION = YES;
				GCC_WARN_ABOUT_RETURN_TYPE = YES_ERROR;
				GCC_WARN_UNDECLARED_SELECTOR = YES;
				GCC_WARN_UNINITIALIZED_AUTOS = YES_AGGRESSIVE;
				GCC_WARN_UNUSED_FUNCTION = YES;
				GCC_WARN_UNUSED_VARIABLE = YES;
				IPHONEOS_DEPLOYMENT_TARGET = 13.6;
				MTL_ENABLE_DEBUG_INFO = INCLUDE_SOURCE;
				MTL_FAST_MATH = YES;
				ONLY_ACTIVE_ARCH = YES;
				SDKROOT = iphoneos;
				SWIFT_ACTIVE_COMPILATION_CONDITIONS = DEBUG;
				SWIFT_OPTIMIZATION_LEVEL = "-Onone";
			};
			name = Debug;
		};
		F01C873B24EE0B74004174A2 /* Release */ = {
			isa = XCBuildConfiguration;
			buildSettings = {
				ALWAYS_SEARCH_USER_PATHS = NO;
				CLANG_ANALYZER_NONNULL = YES;
				CLANG_ANALYZER_NUMBER_OBJECT_CONVERSION = YES_AGGRESSIVE;
				CLANG_CXX_LANGUAGE_STANDARD = "gnu++14";
				CLANG_CXX_LIBRARY = "libc++";
				CLANG_ENABLE_MODULES = YES;
				CLANG_ENABLE_OBJC_ARC = YES;
				CLANG_ENABLE_OBJC_WEAK = YES;
				CLANG_WARN_BLOCK_CAPTURE_AUTORELEASING = YES;
				CLANG_WARN_BOOL_CONVERSION = YES;
				CLANG_WARN_COMMA = YES;
				CLANG_WARN_CONSTANT_CONVERSION = YES;
				CLANG_WARN_DEPRECATED_OBJC_IMPLEMENTATIONS = YES;
				CLANG_WARN_DIRECT_OBJC_ISA_USAGE = YES_ERROR;
				CLANG_WARN_DOCUMENTATION_COMMENTS = YES;
				CLANG_WARN_EMPTY_BODY = YES;
				CLANG_WARN_ENUM_CONVERSION = YES;
				CLANG_WARN_INFINITE_RECURSION = YES;
				CLANG_WARN_INT_CONVERSION = YES;
				CLANG_WARN_NON_LITERAL_NULL_CONVERSION = YES;
				CLANG_WARN_OBJC_IMPLICIT_RETAIN_SELF = YES;
				CLANG_WARN_OBJC_LITERAL_CONVERSION = YES;
				CLANG_WARN_OBJC_ROOT_CLASS = YES_ERROR;
				CLANG_WARN_RANGE_LOOP_ANALYSIS = YES;
				CLANG_WARN_STRICT_PROTOTYPES = YES;
				CLANG_WARN_SUSPICIOUS_MOVE = YES;
				CLANG_WARN_UNGUARDED_AVAILABILITY = YES_AGGRESSIVE;
				CLANG_WARN_UNREACHABLE_CODE = YES;
				CLANG_WARN__DUPLICATE_METHOD_MATCH = YES;
				COPY_PHASE_STRIP = NO;
				DEBUG_INFORMATION_FORMAT = "dwarf-with-dsym";
				ENABLE_NS_ASSERTIONS = NO;
				ENABLE_STRICT_OBJC_MSGSEND = YES;
				GCC_C_LANGUAGE_STANDARD = gnu11;
				GCC_NO_COMMON_BLOCKS = YES;
				GCC_WARN_64_TO_32_BIT_CONVERSION = YES;
				GCC_WARN_ABOUT_RETURN_TYPE = YES_ERROR;
				GCC_WARN_UNDECLARED_SELECTOR = YES;
				GCC_WARN_UNINITIALIZED_AUTOS = YES_AGGRESSIVE;
				GCC_WARN_UNUSED_FUNCTION = YES;
				GCC_WARN_UNUSED_VARIABLE = YES;
				IPHONEOS_DEPLOYMENT_TARGET = 13.6;
				MTL_ENABLE_DEBUG_INFO = NO;
				MTL_FAST_MATH = YES;
				SDKROOT = iphoneos;
				SWIFT_COMPILATION_MODE = wholemodule;
				SWIFT_OPTIMIZATION_LEVEL = "-O";
				VALIDATE_PRODUCT = YES;
			};
			name = Release;
		};
		F01C873D24EE0B74004174A2 /* Debug */ = {
			isa = XCBuildConfiguration;
			baseConfigurationReference = 70C5E4BF385C37E38DF358F8 /* Pods-WeatherApp.debug.xcconfig */;
			buildSettings = {
				ASSETCATALOG_COMPILER_APPICON_NAME = AppIcon;
				CODE_SIGN_STYLE = Automatic;
				INFOPLIST_FILE = "WeatherApp/Supporting FIles/Info.plist";
				IPHONEOS_DEPLOYMENT_TARGET = 13.0;
				LD_RUNPATH_SEARCH_PATHS = (
					"$(inherited)",
					"@executable_path/Frameworks",
				);
				PRODUCT_BUNDLE_IDENTIFIER = com.makkina.WeatherApp;
				PRODUCT_NAME = "$(TARGET_NAME)";
				SWIFT_VERSION = 5.0;
				TARGETED_DEVICE_FAMILY = 1;
			};
			name = Debug;
		};
		F01C873E24EE0B74004174A2 /* Release */ = {
			isa = XCBuildConfiguration;
			baseConfigurationReference = E8D793F6E7707D97C5B3D1A0 /* Pods-WeatherApp.release.xcconfig */;
			buildSettings = {
				ASSETCATALOG_COMPILER_APPICON_NAME = AppIcon;
				CODE_SIGN_STYLE = Automatic;
				INFOPLIST_FILE = "WeatherApp/Supporting FIles/Info.plist";
				IPHONEOS_DEPLOYMENT_TARGET = 13.0;
				LD_RUNPATH_SEARCH_PATHS = (
					"$(inherited)",
					"@executable_path/Frameworks",
				);
				PRODUCT_BUNDLE_IDENTIFIER = com.makkina.WeatherApp;
				PRODUCT_NAME = "$(TARGET_NAME)";
				SWIFT_VERSION = 5.0;
				TARGETED_DEVICE_FAMILY = 1;
			};
			name = Release;
		};
		F01C874024EE0B74004174A2 /* Debug */ = {
			isa = XCBuildConfiguration;
			baseConfigurationReference = 145B6A60A764A3F39F6509A9 /* Pods-WeatherAppTests.debug.xcconfig */;
			buildSettings = {
				ALWAYS_EMBED_SWIFT_STANDARD_LIBRARIES = YES;
				BUNDLE_LOADER = "$(TEST_HOST)";
				CLANG_ENABLE_MODULES = YES;
				CODE_SIGN_STYLE = Automatic;
				INFOPLIST_FILE = WeatherAppTests/Info.plist;
				IPHONEOS_DEPLOYMENT_TARGET = 13.6;
				LD_RUNPATH_SEARCH_PATHS = (
					"$(inherited)",
					"@executable_path/Frameworks",
					"@loader_path/Frameworks",
				);
				PRODUCT_BUNDLE_IDENTIFIER = com.makkina.WeatherAppTests;
				PRODUCT_NAME = "$(TARGET_NAME)";
				SWIFT_OPTIMIZATION_LEVEL = "-Onone";
				SWIFT_VERSION = 5.0;
				TARGETED_DEVICE_FAMILY = "1,2";
				TEST_HOST = "$(BUILT_PRODUCTS_DIR)/WeatherApp.app/WeatherApp";
			};
			name = Debug;
		};
		F01C874124EE0B74004174A2 /* Release */ = {
			isa = XCBuildConfiguration;
			baseConfigurationReference = 72FCB828D419F65AB3E8ED9E /* Pods-WeatherAppTests.release.xcconfig */;
			buildSettings = {
				ALWAYS_EMBED_SWIFT_STANDARD_LIBRARIES = YES;
				BUNDLE_LOADER = "$(TEST_HOST)";
				CLANG_ENABLE_MODULES = YES;
				CODE_SIGN_STYLE = Automatic;
				INFOPLIST_FILE = WeatherAppTests/Info.plist;
				IPHONEOS_DEPLOYMENT_TARGET = 13.6;
				LD_RUNPATH_SEARCH_PATHS = (
					"$(inherited)",
					"@executable_path/Frameworks",
					"@loader_path/Frameworks",
				);
				PRODUCT_BUNDLE_IDENTIFIER = com.makkina.WeatherAppTests;
				PRODUCT_NAME = "$(TARGET_NAME)";
				SWIFT_VERSION = 5.0;
				TARGETED_DEVICE_FAMILY = "1,2";
				TEST_HOST = "$(BUILT_PRODUCTS_DIR)/WeatherApp.app/WeatherApp";
			};
			name = Release;
		};
		F01C874324EE0B74004174A2 /* Debug */ = {
			isa = XCBuildConfiguration;
			baseConfigurationReference = 28434B7A20A688D7945D0084 /* Pods-WeatherApp-WeatherAppUITests.debug.xcconfig */;
			buildSettings = {
				ALWAYS_EMBED_SWIFT_STANDARD_LIBRARIES = YES;
				CODE_SIGN_STYLE = Automatic;
				INFOPLIST_FILE = WeatherAppUITests/Info.plist;
				LD_RUNPATH_SEARCH_PATHS = (
					"$(inherited)",
					"@executable_path/Frameworks",
					"@loader_path/Frameworks",
				);
				PRODUCT_BUNDLE_IDENTIFIER = com.makkina.WeatherAppUITests;
				PRODUCT_NAME = "$(TARGET_NAME)";
				SWIFT_VERSION = 5.0;
				TARGETED_DEVICE_FAMILY = "1,2";
				TEST_TARGET_NAME = WeatherApp;
			};
			name = Debug;
		};
		F01C874424EE0B74004174A2 /* Release */ = {
			isa = XCBuildConfiguration;
			baseConfigurationReference = 79023CBDADC4BBB41759FF61 /* Pods-WeatherApp-WeatherAppUITests.release.xcconfig */;
			buildSettings = {
				ALWAYS_EMBED_SWIFT_STANDARD_LIBRARIES = YES;
				CODE_SIGN_STYLE = Automatic;
				INFOPLIST_FILE = WeatherAppUITests/Info.plist;
				LD_RUNPATH_SEARCH_PATHS = (
					"$(inherited)",
					"@executable_path/Frameworks",
					"@loader_path/Frameworks",
				);
				PRODUCT_BUNDLE_IDENTIFIER = com.makkina.WeatherAppUITests;
				PRODUCT_NAME = "$(TARGET_NAME)";
				SWIFT_VERSION = 5.0;
				TARGETED_DEVICE_FAMILY = "1,2";
				TEST_TARGET_NAME = WeatherApp;
			};
			name = Release;
		};
/* End XCBuildConfiguration section */

/* Begin XCConfigurationList section */
		F01C870D24EE0B72004174A2 /* Build configuration list for PBXProject "WeatherApp" */ = {
			isa = XCConfigurationList;
			buildConfigurations = (
				F01C873A24EE0B74004174A2 /* Debug */,
				F01C873B24EE0B74004174A2 /* Release */,
			);
			defaultConfigurationIsVisible = 0;
			defaultConfigurationName = Release;
		};
		F01C873C24EE0B74004174A2 /* Build configuration list for PBXNativeTarget "WeatherApp" */ = {
			isa = XCConfigurationList;
			buildConfigurations = (
				F01C873D24EE0B74004174A2 /* Debug */,
				F01C873E24EE0B74004174A2 /* Release */,
			);
			defaultConfigurationIsVisible = 0;
			defaultConfigurationName = Release;
		};
		F01C873F24EE0B74004174A2 /* Build configuration list for PBXNativeTarget "WeatherAppTests" */ = {
			isa = XCConfigurationList;
			buildConfigurations = (
				F01C874024EE0B74004174A2 /* Debug */,
				F01C874124EE0B74004174A2 /* Release */,
			);
			defaultConfigurationIsVisible = 0;
			defaultConfigurationName = Release;
		};
		F01C874224EE0B74004174A2 /* Build configuration list for PBXNativeTarget "WeatherAppUITests" */ = {
			isa = XCConfigurationList;
			buildConfigurations = (
				F01C874324EE0B74004174A2 /* Debug */,
				F01C874424EE0B74004174A2 /* Release */,
			);
			defaultConfigurationIsVisible = 0;
			defaultConfigurationName = Release;
		};
/* End XCConfigurationList section */
	};
	rootObject = F01C870A24EE0B72004174A2 /* Project object */;
}
